// !$*UTF8*$!
{
	archiveVersion = 1;
	classes = {
	};
	objectVersion = 46;
	objects = {

/* Begin PBXBuildFile section */
		961C4F411E62247500474F1C /* MetroKit.h in Headers */ = {isa = PBXBuildFile; fileRef = 961C4F3F1E62247500474F1C /* MetroKit.h */; settings = {ATTRIBUTES = (Public, ); }; };
		961C4F441E62247500474F1C /* MetroKit.framework in Frameworks */ = {isa = PBXBuildFile; fileRef = 961C4F3D1E62247500474F1C /* MetroKit.framework */; };
		961C4F451E62247500474F1C /* MetroKit.framework in Embed Frameworks */ = {isa = PBXBuildFile; fileRef = 961C4F3D1E62247500474F1C /* MetroKit.framework */; settings = {ATTRIBUTES = (CodeSignOnCopy, RemoveHeadersOnCopy, ); }; };
		961C4F4B1E62248200474F1C /* Model.swift in Sources */ = {isa = PBXBuildFile; fileRef = 961C4F4A1E62248200474F1C /* Model.swift */; };
		961C4F4C1E62256300474F1C /* MetroKit.framework in Frameworks */ = {isa = PBXBuildFile; fileRef = 961C4F3D1E62247500474F1C /* MetroKit.framework */; };
		9642D7F91DAAF37D00176CD7 /* MetroCell.swift in Sources */ = {isa = PBXBuildFile; fileRef = 9642D7F81DAAF37D00176CD7 /* MetroCell.swift */; };
		9642D7FA1DAAF37D00176CD7 /* MetroCell.swift in Sources */ = {isa = PBXBuildFile; fileRef = 9642D7F81DAAF37D00176CD7 /* MetroCell.swift */; };
		9642D7FC1DAAF39000176CD7 /* MetroCell.xib in Resources */ = {isa = PBXBuildFile; fileRef = 9642D7FB1DAAF39000176CD7 /* MetroCell.xib */; };
		9642D7FD1DAAF39000176CD7 /* MetroCell.xib in Resources */ = {isa = PBXBuildFile; fileRef = 9642D7FB1DAAF39000176CD7 /* MetroCell.xib */; };
		96E996B01DA9EABB00D48316 /* AppDelegate.swift in Sources */ = {isa = PBXBuildFile; fileRef = 96E996AF1DA9EABB00D48316 /* AppDelegate.swift */; };
		96E996B21DA9EABB00D48316 /* ViewController.swift in Sources */ = {isa = PBXBuildFile; fileRef = 96E996B11DA9EABB00D48316 /* ViewController.swift */; };
		96E996B51DA9EABC00D48316 /* Main.storyboard in Resources */ = {isa = PBXBuildFile; fileRef = 96E996B31DA9EABB00D48316 /* Main.storyboard */; };
		96E996B71DA9EABC00D48316 /* Assets.xcassets in Resources */ = {isa = PBXBuildFile; fileRef = 96E996B61DA9EABC00D48316 /* Assets.xcassets */; };
		96E996BA1DA9EABC00D48316 /* LaunchScreen.storyboard in Resources */ = {isa = PBXBuildFile; fileRef = 96E996B81DA9EABC00D48316 /* LaunchScreen.storyboard */; };
		96E996C81DA9ED1E00D48316 /* NotificationCenter.framework in Frameworks */ = {isa = PBXBuildFile; fileRef = 96E996C71DA9ED1E00D48316 /* NotificationCenter.framework */; };
		96E996CB1DA9ED1E00D48316 /* TodayViewController.swift in Sources */ = {isa = PBXBuildFile; fileRef = 96E996CA1DA9ED1E00D48316 /* TodayViewController.swift */; };
		96E996CE1DA9ED1E00D48316 /* MainInterface.storyboard in Resources */ = {isa = PBXBuildFile; fileRef = 96E996CC1DA9ED1E00D48316 /* MainInterface.storyboard */; };
		96E996D21DA9ED1E00D48316 /* Clarendon.appex in Embed App Extensions */ = {isa = PBXBuildFile; fileRef = 96E996C51DA9ED1E00D48316 /* Clarendon.appex */; settings = {ATTRIBUTES = (RemoveHeadersOnCopy, ); }; };
/* End PBXBuildFile section */

/* Begin PBXContainerItemProxy section */
		961C4F421E62247500474F1C /* PBXContainerItemProxy */ = {
			isa = PBXContainerItemProxy;
			containerPortal = 96E996A41DA9EABB00D48316 /* Project object */;
			proxyType = 1;
			remoteGlobalIDString = 961C4F3C1E62247500474F1C;
			remoteInfo = MetroKit;
		};
		96E996D01DA9ED1E00D48316 /* PBXContainerItemProxy */ = {
			isa = PBXContainerItemProxy;
			containerPortal = 96E996A41DA9EABB00D48316 /* Project object */;
			proxyType = 1;
			remoteGlobalIDString = 96E996C41DA9ED1E00D48316;
			remoteInfo = Clarendon;
		};
/* End PBXContainerItemProxy section */

/* Begin PBXCopyFilesBuildPhase section */
		961C4F491E62247500474F1C /* Embed Frameworks */ = {
			isa = PBXCopyFilesBuildPhase;
			buildActionMask = 2147483647;
			dstPath = "";
			dstSubfolderSpec = 10;
			files = (
				961C4F451E62247500474F1C /* MetroKit.framework in Embed Frameworks */,
			);
			name = "Embed Frameworks";
			runOnlyForDeploymentPostprocessing = 0;
		};
		96E996D61DA9ED1E00D48316 /* Embed App Extensions */ = {
			isa = PBXCopyFilesBuildPhase;
			buildActionMask = 2147483647;
			dstPath = "";
			dstSubfolderSpec = 13;
			files = (
				96E996D21DA9ED1E00D48316 /* Clarendon.appex in Embed App Extensions */,
			);
			name = "Embed App Extensions";
			runOnlyForDeploymentPostprocessing = 0;
		};
/* End PBXCopyFilesBuildPhase section */

/* Begin PBXFileReference section */
		961C4F3D1E62247500474F1C /* MetroKit.framework */ = {isa = PBXFileReference; explicitFileType = wrapper.framework; includeInIndex = 0; path = MetroKit.framework; sourceTree = BUILT_PRODUCTS_DIR; };
		961C4F3F1E62247500474F1C /* MetroKit.h */ = {isa = PBXFileReference; lastKnownFileType = sourcecode.c.h; path = MetroKit.h; sourceTree = "<group>"; };
		961C4F401E62247500474F1C /* Info.plist */ = {isa = PBXFileReference; lastKnownFileType = text.plist.xml; path = Info.plist; sourceTree = "<group>"; };
		961C4F4A1E62248200474F1C /* Model.swift */ = {isa = PBXFileReference; fileEncoding = 4; lastKnownFileType = sourcecode.swift; path = Model.swift; sourceTree = "<group>"; };
		9642D7F81DAAF37D00176CD7 /* MetroCell.swift */ = {isa = PBXFileReference; fileEncoding = 4; lastKnownFileType = sourcecode.swift; path = MetroCell.swift; sourceTree = "<group>"; };
		9642D7FB1DAAF39000176CD7 /* MetroCell.xib */ = {isa = PBXFileReference; fileEncoding = 4; lastKnownFileType = file.xib; path = MetroCell.xib; sourceTree = "<group>"; };
		96E996AC1DA9EABB00D48316 /* Metro.app */ = {isa = PBXFileReference; explicitFileType = wrapper.application; includeInIndex = 0; path = Metro.app; sourceTree = BUILT_PRODUCTS_DIR; };
		96E996AF1DA9EABB00D48316 /* AppDelegate.swift */ = {isa = PBXFileReference; lastKnownFileType = sourcecode.swift; path = AppDelegate.swift; sourceTree = "<group>"; };
		96E996B11DA9EABB00D48316 /* ViewController.swift */ = {isa = PBXFileReference; lastKnownFileType = sourcecode.swift; path = ViewController.swift; sourceTree = "<group>"; };
		96E996B41DA9EABC00D48316 /* Base */ = {isa = PBXFileReference; lastKnownFileType = file.storyboard; name = Base; path = Base.lproj/Main.storyboard; sourceTree = "<group>"; };
		96E996B61DA9EABC00D48316 /* Assets.xcassets */ = {isa = PBXFileReference; lastKnownFileType = folder.assetcatalog; path = Assets.xcassets; sourceTree = "<group>"; };
		96E996B91DA9EABC00D48316 /* Base */ = {isa = PBXFileReference; lastKnownFileType = file.storyboard; name = Base; path = Base.lproj/LaunchScreen.storyboard; sourceTree = "<group>"; };
		96E996BB1DA9EABC00D48316 /* Info.plist */ = {isa = PBXFileReference; lastKnownFileType = text.plist.xml; path = Info.plist; sourceTree = "<group>"; };
		96E996C51DA9ED1E00D48316 /* Clarendon.appex */ = {isa = PBXFileReference; explicitFileType = "wrapper.app-extension"; includeInIndex = 0; path = Clarendon.appex; sourceTree = BUILT_PRODUCTS_DIR; };
		96E996C71DA9ED1E00D48316 /* NotificationCenter.framework */ = {isa = PBXFileReference; lastKnownFileType = wrapper.framework; name = NotificationCenter.framework; path = System/Library/Frameworks/NotificationCenter.framework; sourceTree = SDKROOT; };
		96E996CA1DA9ED1E00D48316 /* TodayViewController.swift */ = {isa = PBXFileReference; lastKnownFileType = sourcecode.swift; path = TodayViewController.swift; sourceTree = "<group>"; };
		96E996CD1DA9ED1E00D48316 /* Base */ = {isa = PBXFileReference; lastKnownFileType = file.storyboard; name = Base; path = Base.lproj/MainInterface.storyboard; sourceTree = "<group>"; };
		96E996CF1DA9ED1E00D48316 /* Info.plist */ = {isa = PBXFileReference; lastKnownFileType = text.plist.xml; path = Info.plist; sourceTree = "<group>"; };
/* End PBXFileReference section */

/* Begin PBXFrameworksBuildPhase section */
		961C4F391E62247500474F1C /* Frameworks */ = {
			isa = PBXFrameworksBuildPhase;
			buildActionMask = 2147483647;
			files = (
			);
			runOnlyForDeploymentPostprocessing = 0;
		};
		96E996A91DA9EABB00D48316 /* Frameworks */ = {
			isa = PBXFrameworksBuildPhase;
			buildActionMask = 2147483647;
			files = (
				961C4F441E62247500474F1C /* MetroKit.framework in Frameworks */,
			);
			runOnlyForDeploymentPostprocessing = 0;
		};
		96E996C21DA9ED1E00D48316 /* Frameworks */ = {
			isa = PBXFrameworksBuildPhase;
			buildActionMask = 2147483647;
			files = (
				961C4F4C1E62256300474F1C /* MetroKit.framework in Frameworks */,
				96E996C81DA9ED1E00D48316 /* NotificationCenter.framework in Frameworks */,
			);
			runOnlyForDeploymentPostprocessing = 0;
		};
/* End PBXFrameworksBuildPhase section */

/* Begin PBXGroup section */
		961C4F3E1E62247500474F1C /* MetroKit */ = {
			isa = PBXGroup;
			children = (
				961C4F3F1E62247500474F1C /* MetroKit.h */,
				961C4F401E62247500474F1C /* Info.plist */,
				961C4F4A1E62248200474F1C /* Model.swift */,
			);
			path = MetroKit;
			sourceTree = "<group>";
		};
		96E996A31DA9EABB00D48316 = {
			isa = PBXGroup;
			children = (
				96E996AE1DA9EABB00D48316 /* Metro */,
				96E996C91DA9ED1E00D48316 /* Clarendon */,
				961C4F3E1E62247500474F1C /* MetroKit */,
				96E996C61DA9ED1E00D48316 /* Frameworks */,
				96E996AD1DA9EABB00D48316 /* Products */,
			);
			sourceTree = "<group>";
		};
		96E996AD1DA9EABB00D48316 /* Products */ = {
			isa = PBXGroup;
			children = (
				96E996AC1DA9EABB00D48316 /* Metro.app */,
				96E996C51DA9ED1E00D48316 /* Clarendon.appex */,
				961C4F3D1E62247500474F1C /* MetroKit.framework */,
			);
			name = Products;
			sourceTree = "<group>";
		};
		96E996AE1DA9EABB00D48316 /* Metro */ = {
			isa = PBXGroup;
			children = (
				96E996AF1DA9EABB00D48316 /* AppDelegate.swift */,
				96E996B11DA9EABB00D48316 /* ViewController.swift */,
				96E996B31DA9EABB00D48316 /* Main.storyboard */,
				96E996B61DA9EABC00D48316 /* Assets.xcassets */,
				96E996B81DA9EABC00D48316 /* LaunchScreen.storyboard */,
				96E996BB1DA9EABC00D48316 /* Info.plist */,
			);
			path = Metro;
			sourceTree = "<group>";
		};
		96E996C61DA9ED1E00D48316 /* Frameworks */ = {
			isa = PBXGroup;
			children = (
				96E996C71DA9ED1E00D48316 /* NotificationCenter.framework */,
			);
			name = Frameworks;
			sourceTree = "<group>";
		};
		96E996C91DA9ED1E00D48316 /* Clarendon */ = {
			isa = PBXGroup;
			children = (
				96E996CA1DA9ED1E00D48316 /* TodayViewController.swift */,
				9642D7F81DAAF37D00176CD7 /* MetroCell.swift */,
				96E996CC1DA9ED1E00D48316 /* MainInterface.storyboard */,
				9642D7FB1DAAF39000176CD7 /* MetroCell.xib */,
				96E996CF1DA9ED1E00D48316 /* Info.plist */,
			);
			path = Clarendon;
			sourceTree = "<group>";
		};
/* End PBXGroup section */

/* Begin PBXHeadersBuildPhase section */
		961C4F3A1E62247500474F1C /* Headers */ = {
			isa = PBXHeadersBuildPhase;
			buildActionMask = 2147483647;
			files = (
				961C4F411E62247500474F1C /* MetroKit.h in Headers */,
			);
			runOnlyForDeploymentPostprocessing = 0;
		};
/* End PBXHeadersBuildPhase section */

/* Begin PBXNativeTarget section */
		961C4F3C1E62247500474F1C /* MetroKit */ = {
			isa = PBXNativeTarget;
			buildConfigurationList = 961C4F481E62247500474F1C /* Build configuration list for PBXNativeTarget "MetroKit" */;
			buildPhases = (
				961C4F381E62247500474F1C /* Sources */,
				961C4F391E62247500474F1C /* Frameworks */,
				961C4F3A1E62247500474F1C /* Headers */,
				961C4F3B1E62247500474F1C /* Resources */,
			);
			buildRules = (
			);
			dependencies = (
			);
			name = MetroKit;
			productName = MetroKit;
			productReference = 961C4F3D1E62247500474F1C /* MetroKit.framework */;
			productType = "com.apple.product-type.framework";
		};
		96E996AB1DA9EABB00D48316 /* Metro */ = {
			isa = PBXNativeTarget;
			buildConfigurationList = 96E996BE1DA9EABC00D48316 /* Build configuration list for PBXNativeTarget "Metro" */;
			buildPhases = (
				96E996A81DA9EABB00D48316 /* Sources */,
				96E996A91DA9EABB00D48316 /* Frameworks */,
				96E996AA1DA9EABB00D48316 /* Resources */,
				96E996D61DA9ED1E00D48316 /* Embed App Extensions */,
				961C4F491E62247500474F1C /* Embed Frameworks */,
			);
			buildRules = (
			);
			dependencies = (
				96E996D11DA9ED1E00D48316 /* PBXTargetDependency */,
				961C4F431E62247500474F1C /* PBXTargetDependency */,
			);
			name = Metro;
			productName = Metro;
			productReference = 96E996AC1DA9EABB00D48316 /* Metro.app */;
			productType = "com.apple.product-type.application";
		};
		96E996C41DA9ED1E00D48316 /* Clarendon */ = {
			isa = PBXNativeTarget;
			buildConfigurationList = 96E996D31DA9ED1E00D48316 /* Build configuration list for PBXNativeTarget "Clarendon" */;
			buildPhases = (
				96E996C11DA9ED1E00D48316 /* Sources */,
				96E996C21DA9ED1E00D48316 /* Frameworks */,
				96E996C31DA9ED1E00D48316 /* Resources */,
			);
			buildRules = (
			);
			dependencies = (
			);
			name = Clarendon;
			productName = Clarendon;
			productReference = 96E996C51DA9ED1E00D48316 /* Clarendon.appex */;
			productType = "com.apple.product-type.app-extension";
		};
/* End PBXNativeTarget section */

/* Begin PBXProject section */
		96E996A41DA9EABB00D48316 /* Project object */ = {
			isa = PBXProject;
			attributes = {
				LastSwiftUpdateCheck = 0800;
				LastUpgradeCheck = 0820;
				ORGANIZATIONNAME = "Jason Ji";
				TargetAttributes = {
					961C4F3C1E62247500474F1C = {
						CreatedOnToolsVersion = 8.2.1;
						DevelopmentTeam = 2GPQ8GE99T;
						LastSwiftMigration = 0820;
						ProvisioningStyle = Automatic;
					};
					96E996AB1DA9EABB00D48316 = {
						CreatedOnToolsVersion = 8.0;
						DevelopmentTeam = 2GPQ8GE99T;
						ProvisioningStyle = Automatic;
					};
					96E996C41DA9ED1E00D48316 = {
						CreatedOnToolsVersion = 8.0;
						DevelopmentTeam = 2GPQ8GE99T;
						ProvisioningStyle = Automatic;
					};
				};
			};
			buildConfigurationList = 96E996A71DA9EABB00D48316 /* Build configuration list for PBXProject "Metro" */;
			compatibilityVersion = "Xcode 3.2";
			developmentRegion = English;
			hasScannedForEncodings = 0;
			knownRegions = (
				en,
				Base,
			);
			mainGroup = 96E996A31DA9EABB00D48316;
			productRefGroup = 96E996AD1DA9EABB00D48316 /* Products */;
			projectDirPath = "";
			projectRoot = "";
			targets = (
				96E996AB1DA9EABB00D48316 /* Metro */,
				96E996C41DA9ED1E00D48316 /* Clarendon */,
				961C4F3C1E62247500474F1C /* MetroKit */,
			);
		};
/* End PBXProject section */

/* Begin PBXResourcesBuildPhase section */
		961C4F3B1E62247500474F1C /* Resources */ = {
			isa = PBXResourcesBuildPhase;
			buildActionMask = 2147483647;
			files = (
			);
			runOnlyForDeploymentPostprocessing = 0;
		};
		96E996AA1DA9EABB00D48316 /* Resources */ = {
			isa = PBXResourcesBuildPhase;
			buildActionMask = 2147483647;
			files = (
				96E996BA1DA9EABC00D48316 /* LaunchScreen.storyboard in Resources */,
				9642D7FC1DAAF39000176CD7 /* MetroCell.xib in Resources */,
				96E996B71DA9EABC00D48316 /* Assets.xcassets in Resources */,
				96E996B51DA9EABC00D48316 /* Main.storyboard in Resources */,
			);
			runOnlyForDeploymentPostprocessing = 0;
		};
		96E996C31DA9ED1E00D48316 /* Resources */ = {
			isa = PBXResourcesBuildPhase;
			buildActionMask = 2147483647;
			files = (
				96E996CE1DA9ED1E00D48316 /* MainInterface.storyboard in Resources */,
				9642D7FD1DAAF39000176CD7 /* MetroCell.xib in Resources */,
			);
			runOnlyForDeploymentPostprocessing = 0;
		};
/* End PBXResourcesBuildPhase section */

/* Begin PBXSourcesBuildPhase section */
		961C4F381E62247500474F1C /* Sources */ = {
			isa = PBXSourcesBuildPhase;
			buildActionMask = 2147483647;
			files = (
				961C4F4B1E62248200474F1C /* Model.swift in Sources */,
			);
			runOnlyForDeploymentPostprocessing = 0;
		};
		96E996A81DA9EABB00D48316 /* Sources */ = {
			isa = PBXSourcesBuildPhase;
			buildActionMask = 2147483647;
			files = (
				96E996B21DA9EABB00D48316 /* ViewController.swift in Sources */,
				96E996B01DA9EABB00D48316 /* AppDelegate.swift in Sources */,
				9642D7F91DAAF37D00176CD7 /* MetroCell.swift in Sources */,
			);
			runOnlyForDeploymentPostprocessing = 0;
		};
		96E996C11DA9ED1E00D48316 /* Sources */ = {
			isa = PBXSourcesBuildPhase;
			buildActionMask = 2147483647;
			files = (
				96E996CB1DA9ED1E00D48316 /* TodayViewController.swift in Sources */,
				9642D7FA1DAAF37D00176CD7 /* MetroCell.swift in Sources */,
			);
			runOnlyForDeploymentPostprocessing = 0;
		};
/* End PBXSourcesBuildPhase section */

/* Begin PBXTargetDependency section */
		961C4F431E62247500474F1C /* PBXTargetDependency */ = {
			isa = PBXTargetDependency;
			target = 961C4F3C1E62247500474F1C /* MetroKit */;
			targetProxy = 961C4F421E62247500474F1C /* PBXContainerItemProxy */;
		};
		96E996D11DA9ED1E00D48316 /* PBXTargetDependency */ = {
			isa = PBXTargetDependency;
			target = 96E996C41DA9ED1E00D48316 /* Clarendon */;
			targetProxy = 96E996D01DA9ED1E00D48316 /* PBXContainerItemProxy */;
		};
/* End PBXTargetDependency section */

/* Begin PBXVariantGroup section */
		96E996B31DA9EABB00D48316 /* Main.storyboard */ = {
			isa = PBXVariantGroup;
			children = (
				96E996B41DA9EABC00D48316 /* Base */,
			);
			name = Main.storyboard;
			sourceTree = "<group>";
		};
		96E996B81DA9EABC00D48316 /* LaunchScreen.storyboard */ = {
			isa = PBXVariantGroup;
			children = (
				96E996B91DA9EABC00D48316 /* Base */,
			);
			name = LaunchScreen.storyboard;
			sourceTree = "<group>";
		};
		96E996CC1DA9ED1E00D48316 /* MainInterface.storyboard */ = {
			isa = PBXVariantGroup;
			children = (
				96E996CD1DA9ED1E00D48316 /* Base */,
			);
			name = MainInterface.storyboard;
			sourceTree = "<group>";
		};
/* End PBXVariantGroup section */

/* Begin XCBuildConfiguration section */
		961C4F461E62247500474F1C /* Debug */ = {
			isa = XCBuildConfiguration;
			buildSettings = {
				CLANG_ENABLE_MODULES = YES;
				CLANG_WARN_SUSPICIOUS_MOVE = YES;
				CODE_SIGN_IDENTITY = "";
				CURRENT_PROJECT_VERSION = 1;
				DEFINES_MODULE = YES;
				DEVELOPMENT_TEAM = 2GPQ8GE99T;
				DYLIB_COMPATIBILITY_VERSION = 1;
				DYLIB_CURRENT_VERSION = 1;
				DYLIB_INSTALL_NAME_BASE = "@rpath";
				INFOPLIST_FILE = MetroKit/Info.plist;
				INSTALL_PATH = "$(LOCAL_LIBRARY_DIR)/Frameworks";
				IPHONEOS_DEPLOYMENT_TARGET = 10.0;
				LD_RUNPATH_SEARCH_PATHS = "$(inherited) @executable_path/Frameworks @loader_path/Frameworks";
				PRODUCT_BUNDLE_IDENTIFIER = com.JYJApps.MetroKit;
				PRODUCT_NAME = "$(TARGET_NAME)";
				SKIP_INSTALL = YES;
				SWIFT_INSTALL_OBJC_HEADER = NO;
				SWIFT_OPTIMIZATION_LEVEL = "-Onone";
				SWIFT_VERSION = 3.0;
				TARGETED_DEVICE_FAMILY = "1,2";
				VERSIONING_SYSTEM = "apple-generic";
				VERSION_INFO_PREFIX = "";
			};
			name = Debug;
		};
		961C4F471E62247500474F1C /* Release */ = {
			isa = XCBuildConfiguration;
			buildSettings = {
				CLANG_ENABLE_MODULES = YES;
				CLANG_WARN_SUSPICIOUS_MOVE = YES;
				CODE_SIGN_IDENTITY = "";
				CURRENT_PROJECT_VERSION = 1;
				DEFINES_MODULE = YES;
				DEVELOPMENT_TEAM = 2GPQ8GE99T;
				DYLIB_COMPATIBILITY_VERSION = 1;
				DYLIB_CURRENT_VERSION = 1;
				DYLIB_INSTALL_NAME_BASE = "@rpath";
				INFOPLIST_FILE = MetroKit/Info.plist;
				INSTALL_PATH = "$(LOCAL_LIBRARY_DIR)/Frameworks";
				IPHONEOS_DEPLOYMENT_TARGET = 10.0;
				LD_RUNPATH_SEARCH_PATHS = "$(inherited) @executable_path/Frameworks @loader_path/Frameworks";
				PRODUCT_BUNDLE_IDENTIFIER = com.JYJApps.MetroKit;
				PRODUCT_NAME = "$(TARGET_NAME)";
				SKIP_INSTALL = YES;
				SWIFT_INSTALL_OBJC_HEADER = NO;
				SWIFT_VERSION = 3.0;
				TARGETED_DEVICE_FAMILY = "1,2";
				VERSIONING_SYSTEM = "apple-generic";
				VERSION_INFO_PREFIX = "";
			};
			name = Release;
		};
		96E996BC1DA9EABC00D48316 /* Debug */ = {
			isa = XCBuildConfiguration;
			buildSettings = {
				ALWAYS_SEARCH_USER_PATHS = NO;
				CLANG_ANALYZER_NONNULL = YES;
				CLANG_CXX_LANGUAGE_STANDARD = "gnu++0x";
				CLANG_CXX_LIBRARY = "libc++";
				CLANG_ENABLE_MODULES = YES;
				CLANG_ENABLE_OBJC_ARC = YES;
				CLANG_WARN_BOOL_CONVERSION = YES;
				CLANG_WARN_CONSTANT_CONVERSION = YES;
				CLANG_WARN_DIRECT_OBJC_ISA_USAGE = YES_ERROR;
				CLANG_WARN_DOCUMENTATION_COMMENTS = YES;
				CLANG_WARN_EMPTY_BODY = YES;
				CLANG_WARN_ENUM_CONVERSION = YES;
				CLANG_WARN_INFINITE_RECURSION = YES;
				CLANG_WARN_INT_CONVERSION = YES;
				CLANG_WARN_OBJC_ROOT_CLASS = YES_ERROR;
				CLANG_WARN_SUSPICIOUS_MOVE = YES;
				CLANG_WARN_SUSPICIOUS_MOVES = YES;
				CLANG_WARN_UNREACHABLE_CODE = YES;
				CLANG_WARN__DUPLICATE_METHOD_MATCH = YES;
				"CODE_SIGN_IDENTITY[sdk=iphoneos*]" = "iPhone Developer";
				COPY_PHASE_STRIP = NO;
				DEBUG_INFORMATION_FORMAT = dwarf;
				ENABLE_STRICT_OBJC_MSGSEND = YES;
				ENABLE_TESTABILITY = YES;
				GCC_C_LANGUAGE_STANDARD = gnu99;
				GCC_DYNAMIC_NO_PIC = NO;
				GCC_NO_COMMON_BLOCKS = YES;
				GCC_OPTIMIZATION_LEVEL = 0;
				GCC_PREPROCESSOR_DEFINITIONS = (
					"DEBUG=1",
					"$(inherited)",
				);
				GCC_WARN_64_TO_32_BIT_CONVERSION = YES;
				GCC_WARN_ABOUT_RETURN_TYPE = YES_ERROR;
				GCC_WARN_UNDECLARED_SELECTOR = YES;
				GCC_WARN_UNINITIALIZED_AUTOS = YES_AGGRESSIVE;
				GCC_WARN_UNUSED_FUNCTION = YES;
				GCC_WARN_UNUSED_VARIABLE = YES;
				IPHONEOS_DEPLOYMENT_TARGET = 10.0;
				MTL_ENABLE_DEBUG_INFO = YES;
				ONLY_ACTIVE_ARCH = YES;
				SDKROOT = iphoneos;
				SWIFT_ACTIVE_COMPILATION_CONDITIONS = DEBUG;
				SWIFT_OPTIMIZATION_LEVEL = "-Onone";
			};
			name = Debug;
		};
		96E996BD1DA9EABC00D48316 /* Release */ = {
			isa = XCBuildConfiguration;
			buildSettings = {
				ALWAYS_SEARCH_USER_PATHS = NO;
				CLANG_ANALYZER_NONNULL = YES;
				CLANG_CXX_LANGUAGE_STANDARD = "gnu++0x";
				CLANG_CXX_LIBRARY = "libc++";
				CLANG_ENABLE_MODULES = YES;
				CLANG_ENABLE_OBJC_ARC = YES;
				CLANG_WARN_BOOL_CONVERSION = YES;
				CLANG_WARN_CONSTANT_CONVERSION = YES;
				CLANG_WARN_DIRECT_OBJC_ISA_USAGE = YES_ERROR;
				CLANG_WARN_DOCUMENTATION_COMMENTS = YES;
				CLANG_WARN_EMPTY_BODY = YES;
				CLANG_WARN_ENUM_CONVERSION = YES;
				CLANG_WARN_INFINITE_RECURSION = YES;
				CLANG_WARN_INT_CONVERSION = YES;
				CLANG_WARN_OBJC_ROOT_CLASS = YES_ERROR;
				CLANG_WARN_SUSPICIOUS_MOVE = YES;
				CLANG_WARN_SUSPICIOUS_MOVES = YES;
				CLANG_WARN_UNREACHABLE_CODE = YES;
				CLANG_WARN__DUPLICATE_METHOD_MATCH = YES;
				"CODE_SIGN_IDENTITY[sdk=iphoneos*]" = "iPhone Developer";
				COPY_PHASE_STRIP = NO;
				DEBUG_INFORMATION_FORMAT = "dwarf-with-dsym";
				ENABLE_NS_ASSERTIONS = NO;
				ENABLE_STRICT_OBJC_MSGSEND = YES;
				GCC_C_LANGUAGE_STANDARD = gnu99;
				GCC_NO_COMMON_BLOCKS = YES;
				GCC_WARN_64_TO_32_BIT_CONVERSION = YES;
				GCC_WARN_ABOUT_RETURN_TYPE = YES_ERROR;
				GCC_WARN_UNDECLARED_SELECTOR = YES;
				GCC_WARN_UNINITIALIZED_AUTOS = YES_AGGRESSIVE;
				GCC_WARN_UNUSED_FUNCTION = YES;
				GCC_WARN_UNUSED_VARIABLE = YES;
				IPHONEOS_DEPLOYMENT_TARGET = 10.0;
				MTL_ENABLE_DEBUG_INFO = NO;
				SDKROOT = iphoneos;
				SWIFT_OPTIMIZATION_LEVEL = "-Owholemodule";
				VALIDATE_PRODUCT = YES;
			};
			name = Release;
		};
		96E996BF1DA9EABC00D48316 /* Debug */ = {
			isa = XCBuildConfiguration;
			buildSettings = {
				ALWAYS_EMBED_SWIFT_STANDARD_LIBRARIES = YES;
				ASSETCATALOG_COMPILER_APPICON_NAME = AppIcon;
				DEVELOPMENT_TEAM = 2GPQ8GE99T;
				INFOPLIST_FILE = Metro/Info.plist;
				LD_RUNPATH_SEARCH_PATHS = "$(inherited) @executable_path/Frameworks";
				PRODUCT_BUNDLE_IDENTIFIER = com.JYJApps.Metro;
				PRODUCT_NAME = "$(TARGET_NAME)";
				SWIFT_VERSION = 3.0;
			};
			name = Debug;
		};
		96E996C01DA9EABC00D48316 /* Release */ = {
			isa = XCBuildConfiguration;
			buildSettings = {
				ALWAYS_EMBED_SWIFT_STANDARD_LIBRARIES = YES;
				ASSETCATALOG_COMPILER_APPICON_NAME = AppIcon;
				DEVELOPMENT_TEAM = 2GPQ8GE99T;
				INFOPLIST_FILE = Metro/Info.plist;
				LD_RUNPATH_SEARCH_PATHS = "$(inherited) @executable_path/Frameworks";
				PRODUCT_BUNDLE_IDENTIFIER = com.JYJApps.Metro;
				PRODUCT_NAME = "$(TARGET_NAME)";
				SWIFT_VERSION = 3.0;
			};
			name = Release;
		};
		96E996D41DA9ED1E00D48316 /* Debug */ = {
			isa = XCBuildConfiguration;
			buildSettings = {
				APPLICATION_EXTENSION_API_ONLY = NO;
				DEVELOPMENT_TEAM = 2GPQ8GE99T;
				INFOPLIST_FILE = Clarendon/Info.plist;
				LD_RUNPATH_SEARCH_PATHS = "$(inherited) @executable_path/Frameworks @executable_path/../../Frameworks";
				PRODUCT_BUNDLE_IDENTIFIER = com.JYJApps.Metro.Clarendon;
				PRODUCT_NAME = "$(TARGET_NAME)";
				SKIP_INSTALL = YES;
				SWIFT_VERSION = 3.0;
			};
			name = Debug;
		};
		96E996D51DA9ED1E00D48316 /* Release */ = {
			isa = XCBuildConfiguration;
			buildSettings = {
				APPLICATION_EXTENSION_API_ONLY = NO;
				DEVELOPMENT_TEAM = 2GPQ8GE99T;
				INFOPLIST_FILE = Clarendon/Info.plist;
				LD_RUNPATH_SEARCH_PATHS = "$(inherited) @executable_path/Frameworks @executable_path/../../Frameworks";
				PRODUCT_BUNDLE_IDENTIFIER = com.JYJApps.Metro.Clarendon;
				PRODUCT_NAME = "$(TARGET_NAME)";
				SKIP_INSTALL = YES;
				SWIFT_VERSION = 3.0;
			};
			name = Release;
		};
/* End XCBuildConfiguration section */

/* Begin XCConfigurationList section */
		961C4F481E62247500474F1C /* Build configuration list for PBXNativeTarget "MetroKit" */ = {
			isa = XCConfigurationList;
			buildConfigurations = (
				961C4F461E62247500474F1C /* Debug */,
				961C4F471E62247500474F1C /* Release */,
			);
			defaultConfigurationIsVisible = 0;
		};
		96E996A71DA9EABB00D48316 /* Build configuration list for PBXProject "Metro" */ = {
			isa = XCConfigurationList;
			buildConfigurations = (
				96E996BC1DA9EABC00D48316 /* Debug */,
				96E996BD1DA9EABC00D48316 /* Release */,
			);
			defaultConfigurationIsVisible = 0;
			defaultConfigurationName = Release;
		};
		96E996BE1DA9EABC00D48316 /* Build configuration list for PBXNativeTarget "Metro" */ = {
			isa = XCConfigurationList;
			buildConfigurations = (
				96E996BF1DA9EABC00D48316 /* Debug */,
				96E996C01DA9EABC00D48316 /* Release */,
			);
			defaultConfigurationIsVisible = 0;
			defaultConfigurationName = Release;
		};
		96E996D31DA9ED1E00D48316 /* Build configuration list for PBXNativeTarget "Clarendon" */ = {
			isa = XCConfigurationList;
			buildConfigurations = (
				96E996D41DA9ED1E00D48316 /* Debug */,
				96E996D51DA9ED1E00D48316 /* Release */,
			);
			defaultConfigurationIsVisible = 0;
			defaultConfigurationName = Release;
		};
/* End XCConfigurationList section */
	};
	rootObject = 96E996A41DA9EABB00D48316 /* Project object */;
}
